
Microsoft Visual Studio Solution File, Format Version 12.00
# Visual Studio Version 17
VisualStudioVersion = 17.3.32819.101
MinimumVisualStudioVersion = 10.0.40219.1
Project("{9A19103F-16F7-4668-BE54-9A1E7A4F7556}") = "PageObject", "lab_2\PageObject.csproj", "{9DCEF79D-EA83-47CD-9964-8BA92C001AA3}"
EndProject
Project("{FAE04EC0-301F-11D3-BF4B-00C04F79EFBC}") = "SpecFlowProject.cs", "SpecFlowProject1\SpecFlowProject.cs.csproj", "{FDE3194A-C9CA-4E8F-810D-C9A9BBB14B4B}"
EndProject
Global
	GlobalSection(SolutionConfigurationPlatforms) = preSolution
		Debug|Any CPU = Debug|Any CPU
		Release|Any CPU = Release|Any CPU
	EndGlobalSection
	GlobalSection(ProjectConfigurationPlatforms) = postSolution
		{9DCEF79D-EA83-47CD-9964-8BA92C001AA3}.Debug|Any CPU.ActiveCfg = Debug|Any CPU
		{9DCEF79D-EA83-47CD-9964-8BA92C001AA3}.Debug|Any CPU.Build.0 = Debug|Any CPU
		{9DCEF79D-EA83-47CD-9964-8BA92C001AA3}.Release|Any CPU.ActiveCfg = Release|Any CPU
		{9DCEF79D-EA83-47CD-9964-8BA92C001AA3}.Release|Any CPU.Build.0 = Release|Any CPU
		{FDE3194A-C9CA-4E8F-810D-C9A9BBB14B4B}.Debug|Any CPU.ActiveCfg = Debug|Any CPU
		{FDE3194A-C9CA-4E8F-810D-C9A9BBB14B4B}.Debug|Any CPU.Build.0 = Debug|Any CPU
		{FDE3194A-C9CA-4E8F-810D-C9A9BBB14B4B}.Release|Any CPU.ActiveCfg = Release|Any CPU
		{FDE3194A-C9CA-4E8F-810D-C9A9BBB14B4B}.Release|Any CPU.Build.0 = Release|Any CPU
	EndGlobalSection
	GlobalSection(SolutionProperties) = preSolution
		HideSolutionNode = FALSE
	EndGlobalSection
	GlobalSection(ExtensibilityGlobals) = postSolution
		SolutionGuid = {F8EF08EB-1F73-49F6-ABB1-75957801810D}
	EndGlobalSection
EndGlobal
